
Microsoft Visual Studio Solution File, Format Version 12.00
# Visual Studio Version 17
VisualStudioVersion = 17.14.36603.0 d17.14
MinimumVisualStudioVersion = 10.0.40219.1
Project("{FAE04EC0-301F-11D3-BF4B-00C04F79EFBC}") = "OPG Robin Strandberg SYSM9", "OPG Robin Strandberg SYSM9\OPG Robin Strandberg SYSM9.csproj", "{6B9F8072-2C95-4185-844C-CA72367B58D8}"
EndProject
Global
	GlobalSection(SolutionConfigurationPlatforms) = preSolution
		Debug|Any CPU = Debug|Any CPU
		Release|Any CPU = Release|Any CPU
	EndGlobalSection
	GlobalSection(ProjectConfigurationPlatforms) = postSolution
		{6B9F8072-2C95-4185-844C-CA72367B58D8}.Debug|Any CPU.ActiveCfg = Debug|Any CPU
		{6B9F8072-2C95-4185-844C-CA72367B58D8}.Debug|Any CPU.Build.0 = Debug|Any CPU
		{6B9F8072-2C95-4185-844C-CA72367B58D8}.Release|Any CPU.ActiveCfg = Release|Any CPU
		{6B9F8072-2C95-4185-844C-CA72367B58D8}.Release|Any CPU.Build.0 = Release|Any CPU
	EndGlobalSection
	GlobalSection(SolutionProperties) = preSolution
		HideSolutionNode = FALSE
	EndGlobalSection
	GlobalSection(ExtensibilityGlobals) = postSolution
		SolutionGuid = {0309F85A-06B2-4FC4-95C5-EDB2014F0A22}
	EndGlobalSection
EndGlobal
